github.com/davecgh/go-spew v1.1.0 h1:ZDRjVQ15GmhC3fiQ8ni8+OwkZQO4DARzQgrnXU1Liz8=
github.com/davecgh/go-spew v1.1.0/go.mod h1:J7Y8YcW2NihsgmVo/mv3lAwl/skON4iLHjSsI+c5H38=
github.com/golang/glog v0.0.0-20160126235308-23def4e6c14b h1:VKtxabqXZkF25pY9ekfRL6a582T4P37/31XEstQ5p58=
github.com/golang/glog v0.0.0-20160126235308-23def4e6c14b/go.mod h1:SBH7ygxi8pfUlaOkMMuAQtPIUF8ecWP5IEl/CR7VP2Q=
github.com/mohae/deepcopy v0.0.0-20170929034955-c48cc78d4826 h1:RWengNIwukTxcDr9M+97sNutRR1RKhG96O6jWumTTnw=
github.com/mohae/deepcopy v0.0.0-20170929034955-c48cc78d4826/go.mod h1:TaXosZuwdSHYgviHp1DAtfrULt5eUgsSMsZf+YrPgl8=
github.com/pkg/errors v0.9.1 h1:FEBLx1zS214owpjy7qsBeixbURkuhQAwrK5UwLGTwt4=
github.com/pkg/errors v0.9.1/go.mod h1:bwawxfHBFNV+L2hUp1rHADufV3IMtnDRdf1r5NINEl0=
github.com/pmezard/go-difflib v1.0.0 h1:4DBwDE0NGyQoBHbLQYPwSUPoCMWR5BEzIk/f1lZbAQM=
github.com/pmezard/go-difflib v1.0.0/go.mod h1:iKH77koFhYxTK1pcRnkKkqfTogsbg7gZNVY4sRDYZ/4=
github.com/spaolacci/murmur3 v1.1.0 h1:7c1g84S4BPRrfL5Xrdp6fOJ206sU9y293DDHaoy0bLI=
github.com/spaolacci/murmur3 v1.1.0/go.mod h1:JwIasOWyU6f++ZhiEuf87xNszmSA2myDM2Kzu9HwQUA=
github.com/stretchr/objx v0.1.0/go.mod h1:HFkY916IF+rwdDfMAkV7OtwuqBVzrE8GR6GFx+wExME=
github.com/stretchr/testify v1.6.1 h1:hDPOHmpOpP40lSULcqw7IrRb/u7w6RpDC9399XyoNd0=
github.com/stretchr/testify v1.6.1/go.mod h1:6Fq8oRcR53rry900zMqJjRRixrwX3KX962/h/Wwjteg=
github.com/techxmind/go-utils v0.0.0-20201126041451-f65eaa3d727f h1:6+XAw4AxpMzKXwn9YmNoz03jM6xICj6pyLOBvq3ycZk=
github.com/techxmind/go-utils v0.0.0-20201126041451-f65eaa3d727f/go.mod h1:F8DtfFXxjw9sDArW6D/kbA83e0tjkCayyOSRCPEX+YQ=
github.com/techxmind/go-utils v0.0.0-20201126042320-0a541e800699 h1:sN3LNbhSuE6nyARLbdZUSGqiTFKB0gbUIULPgNellZ0=
github.com/techxmind/go-utils v0.0.0-20201126042320-0a541e800699/go.mod h1:F8DtfFXxjw9sDArW6D/kbA83e0tjkCayyOSRCPEX+YQ=
github.com/techxmind/go-utils v0.0.0-20201126065148-43dfa3bf056b h1:GjxkZe2ZIkkn/jz1YJtPw8o6zN5+Yx5mVqXSzJaB4G4=
github.com/techxmind/go-utils v0.0.0-20201126065148-43dfa3bf056b/go.mod h1:F8DtfFXxjw9sDArW6D/kbA83e0tjkCayyOSRCPEX+YQ=
github.com/techxmind/go-utils v0.0.0-20201127043211-03b94e0bd51e h1:1mDmWymk9uDjI5ofH2J9stlZoNUYWWWFDqcV2ksMxRk=
github.com/techxmind/go-utils v0.0.0-20201127043211-03b94e0bd51e/go.mod h1:F8DtfFXxjw9sDArW6D/kbA83e0tjkCayyOSRCPEX+YQ=
github.com/techxmind/ip2location v0.0.0-20201016120605-9ca74285b024 h1:kj2r55FtGEUQ4ixRefHAwf2aNm7+9gSFk/4zRMeVyEo=
github.com/techxmind/ip2location v0.0.0-20201016120605-9ca74285b024/go.mod h1:RGFFgdoTk3ygSslSF5fqGfGC+3jlIGyzl/ScewTFoBM=
gopkg.in/check.v1 v0.0.0-20161208181325-20d25e280405 h1:yhCVgyC4o1eVCa2tZl7eS0r+SDo693bJlVdllGtEeKM=
gopkg.in/check.v1 v0.0.0-20161208181325-20d25e280405/go.mod h1:Co6ibVJAznAaIkqp8huTwlJQCZ016jof/cbN4VW5Yz0=
gopkg.in/yaml.v3 v3.0.0-20200313102051-9f266ea9e77c h1:dUUwHk2QECo/6vqA44rthZ8ie2QXMNeKRTHCNY2nXvo=
gopkg.in/yaml.v3 v3.0.0-20200313102051-9f266ea9e77c/go.mod h1:K4uyk7z7BCEPqu6E+C64Yfv1cQ7kz7rIZviUmN+EgEM=
